
Microsoft Visual Studio Solution File, Format Version 12.00
# Visual Studio Version 17
VisualStudioVersion = 17.7.34031.279
MinimumVisualStudioVersion = 10.0.40219.1
Project("{FAE04EC0-301F-11D3-BF4B-00C04F79EFBC}") = "BlogTracker", "BlogTracker\BlogTracker.csproj", "{BC49A7DB-2E0D-4AF4-B4EE-D931102D714C}"
EndProject
Project("{FAE04EC0-301F-11D3-BF4B-00C04F79EFBC}") = "dbs", "dbs\dbs.csproj", "{8C15607C-CD0D-4CA5-8991-45AC3FFB6293}"
EndProject
Global
	GlobalSection(SolutionConfigurationPlatforms) = preSolution
		Debug|Any CPU = Debug|Any CPU
		Release|Any CPU = Release|Any CPU
	EndGlobalSection
	GlobalSection(ProjectConfigurationPlatforms) = postSolution
		{BC49A7DB-2E0D-4AF4-B4EE-D931102D714C}.Debug|Any CPU.ActiveCfg = Debug|Any CPU
		{BC49A7DB-2E0D-4AF4-B4EE-D931102D714C}.Debug|Any CPU.Build.0 = Debug|Any CPU
		{BC49A7DB-2E0D-4AF4-B4EE-D931102D714C}.Release|Any CPU.ActiveCfg = Release|Any CPU
		{BC49A7DB-2E0D-4AF4-B4EE-D931102D714C}.Release|Any CPU.Build.0 = Release|Any CPU
		{8C15607C-CD0D-4CA5-8991-45AC3FFB6293}.Debug|Any CPU.ActiveCfg = Debug|Any CPU
		{8C15607C-CD0D-4CA5-8991-45AC3FFB6293}.Debug|Any CPU.Build.0 = Debug|Any CPU
		{8C15607C-CD0D-4CA5-8991-45AC3FFB6293}.Release|Any CPU.ActiveCfg = Release|Any CPU
		{8C15607C-CD0D-4CA5-8991-45AC3FFB6293}.Release|Any CPU.Build.0 = Release|Any CPU
	EndGlobalSection
	GlobalSection(SolutionProperties) = preSolution
		HideSolutionNode = FALSE
	EndGlobalSection
	GlobalSection(ExtensibilityGlobals) = postSolution
		SolutionGuid = {C4C7E32B-142A-4650-B658-AC8D2B12B256}
	EndGlobalSection
EndGlobal
